
Microsoft Visual Studio Solution File, Format Version 12.00
# Visual Studio Version 17
VisualStudioVersion = 17.6.33829.357
MinimumVisualStudioVersion = 10.0.40219.1
Project("{FAE04EC0-301F-11D3-BF4B-00C04F79EFBC}") = "DumpStore", "DumpStore\DumpStore.csproj", "{A907B571-21EF-4A82-82D3-29F935C2E1EE}"
EndProject
Global
	GlobalSection(SolutionConfigurationPlatforms) = preSolution
		Debug|Any CPU = Debug|Any CPU
		Release|Any CPU = Release|Any CPU
	EndGlobalSection
	GlobalSection(ProjectConfigurationPlatforms) = postSolution
		{A907B571-21EF-4A82-82D3-29F935C2E1EE}.Debug|Any CPU.ActiveCfg = Debug|Any CPU
		{A907B571-21EF-4A82-82D3-29F935C2E1EE}.Debug|Any CPU.Build.0 = Debug|Any CPU
		{A907B571-21EF-4A82-82D3-29F935C2E1EE}.Release|Any CPU.ActiveCfg = Release|Any CPU
		{A907B571-21EF-4A82-82D3-29F935C2E1EE}.Release|Any CPU.Build.0 = Release|Any CPU
	EndGlobalSection
	GlobalSection(SolutionProperties) = preSolution
		HideSolutionNode = FALSE
	EndGlobalSection
	GlobalSection(ExtensibilityGlobals) = postSolution
		SolutionGuid = {1C745FAA-45E2-4707-A5C8-EED525BA3A8B}
	EndGlobalSection
EndGlobal
